
Microsoft Visual Studio Solution File, Format Version 12.00
# Visual Studio 14
VisualStudioVersion = 14.0.25420.1
MinimumVisualStudioVersion = 10.0.40219.1
Project("{8BC9CEB8-8B4A-11D0-8D11-00A0C91BC942}") = "17-1", "17-1\17-1.vcxproj", "{4565E22E-BDF3-4737-B7AC-50ABC5C66157}"
EndProject
Project("{8BC9CEB8-8B4A-11D0-8D11-00A0C91BC942}") = "17-2", "17-2\17-2.vcxproj", "{636C4A34-19F4-4FDA-9809-24E59CB11557}"
EndProject
Project("{8BC9CEB8-8B4A-11D0-8D11-00A0C91BC942}") = "17-3", "17-3\17-3.vcxproj", "{4DA2B11E-2299-4EDB-A428-CBACA0EEDABD}"
EndProject
Project("{8BC9CEB8-8B4A-11D0-8D11-00A0C91BC942}") = "17-4", "17-4\17-4.vcxproj", "{34822EF8-D5DC-4974-AFF7-A71CECC7A0E6}"
EndProject
Project("{8BC9CEB8-8B4A-11D0-8D11-00A0C91BC942}") = "17-6", "17-6\17-6.vcxproj", "{A33D7593-66E7-4514-A119-6E4FB863938E}"
EndProject
Project("{8BC9CEB8-8B4A-11D0-8D11-00A0C91BC942}") = "17-8", "17-8\17-8.vcxproj", "{97540B31-6B20-41EB-8CAC-2271371F52C2}"
EndProject
Project("{8BC9CEB8-8B4A-11D0-8D11-00A0C91BC942}") = "17-9", "17-9\17-9.vcxproj", "{537ECBE0-73C3-487E-8347-48D2583E7705}"
EndProject
Project("{8BC9CEB8-8B4A-11D0-8D11-00A0C91BC942}") = "17-10", "17-10\17-10.vcxproj", "{318EEE33-94D0-42DD-B6A8-DC700297C38A}"
EndProject
Project("{8BC9CEB8-8B4A-11D0-8D11-00A0C91BC942}") = "17-11", "17-11\17-11.vcxproj", "{35561D5F-41E1-4448-855A-BD6EFB57D53F}"
EndProject
Project("{8BC9CEB8-8B4A-11D0-8D11-00A0C91BC942}") = "17-12", "17-12\17-12.vcxproj", "{119AC21E-ED98-4833-8469-A4DDE4EC2282}"
EndProject
Project("{8BC9CEB8-8B4A-11D0-8D11-00A0C91BC942}") = "17-13", "17-13\17-13.vcxproj", "{0BD365BE-85B3-4876-95DE-C711EC9F5BB0}"
EndProject
Project("{8BC9CEB8-8B4A-11D0-8D11-00A0C91BC942}") = "17-14", "17-14\17-14.vcxproj", "{C5507EE4-94C5-40C7-9F6B-B35D37EEFE14}"
EndProject
Project("{8BC9CEB8-8B4A-11D0-8D11-00A0C91BC942}") = "17-15", "17-15\17-15.vcxproj", "{2767AF7A-15C4-4FC9-BF31-03B53CA5C3DB}"
EndProject
Project("{8BC9CEB8-8B4A-11D0-8D11-00A0C91BC942}") = "17-16", "17-16\17-16.vcxproj", "{47D38234-044B-4F7F-8C93-6623EE8325DD}"
EndProject
Project("{8BC9CEB8-8B4A-11D0-8D11-00A0C91BC942}") = "17-17", "17-17\17-17.vcxproj", "{237B8795-AE5A-463B-9A9F-4C33BE776600}"
EndProject
Project("{8BC9CEB8-8B4A-11D0-8D11-00A0C91BC942}") = "17-18", "17-18\17-18.vcxproj", "{9D9544AF-E16D-44BD-A21F-7FE376D9C53E}"
EndProject
Project("{8BC9CEB8-8B4A-11D0-8D11-00A0C91BC942}") = "17-19", "17-19\17-19.vcxproj", "{24B482A6-B51A-48E8-849B-5DCFFE97AD7B}"
EndProject
Project("{8BC9CEB8-8B4A-11D0-8D11-00A0C91BC942}") = "17-20", "17-20\17-20.vcxproj", "{799D7F8D-F7FA-4CE2-BA48-CB7146D370F4}"
EndProject
Project("{8BC9CEB8-8B4A-11D0-8D11-00A0C91BC942}") = "17-21", "17-21\17-21.vcxproj", "{ADDAFD7E-E83C-4CE2-B946-09D22467EAC7}"
EndProject
Project("{8BC9CEB8-8B4A-11D0-8D11-00A0C91BC942}") = "17-22", "17-22\17-22.vcxproj", "{A6DB23B5-7F56-4E20-88CD-3F00540403FB}"
EndProject
Global
	GlobalSection(SolutionConfigurationPlatforms) = preSolution
		Debug|x64 = Debug|x64
		Debug|x86 = Debug|x86
		Release|x64 = Release|x64
		Release|x86 = Release|x86
	EndGlobalSection
	GlobalSection(ProjectConfigurationPlatforms) = postSolution
		{4565E22E-BDF3-4737-B7AC-50ABC5C66157}.Debug|x64.ActiveCfg = Debug|x64
		{4565E22E-BDF3-4737-B7AC-50ABC5C66157}.Debug|x64.Build.0 = Debug|x64
		{4565E22E-BDF3-4737-B7AC-50ABC5C66157}.Debug|x86.ActiveCfg = Debug|Win32
		{4565E22E-BDF3-4737-B7AC-50ABC5C66157}.Debug|x86.Build.0 = Debug|Win32
		{4565E22E-BDF3-4737-B7AC-50ABC5C66157}.Release|x64.ActiveCfg = Release|x64
		{4565E22E-BDF3-4737-B7AC-50ABC5C66157}.Release|x64.Build.0 = Release|x64
		{4565E22E-BDF3-4737-B7AC-50ABC5C66157}.Release|x86.ActiveCfg = Release|Win32
		{4565E22E-BDF3-4737-B7AC-50ABC5C66157}.Release|x86.Build.0 = Release|Win32
		{636C4A34-19F4-4FDA-9809-24E59CB11557}.Debug|x64.ActiveCfg = Debug|x64
		{636C4A34-19F4-4FDA-9809-24E59CB11557}.Debug|x64.Build.0 = Debug|x64
		{636C4A34-19F4-4FDA-9809-24E59CB11557}.Debug|x86.ActiveCfg = Debug|Win32
		{636C4A34-19F4-4FDA-9809-24E59CB11557}.Debug|x86.Build.0 = Debug|Win32
		{636C4A34-19F4-4FDA-9809-24E59CB11557}.Release|x64.ActiveCfg = Release|x64
		{636C4A34-19F4-4FDA-9809-24E59CB11557}.Release|x64.Build.0 = Release|x64
		{636C4A34-19F4-4FDA-9809-24E59CB11557}.Release|x86.ActiveCfg = Release|Win32
		{636C4A34-19F4-4FDA-9809-24E59CB11557}.Release|x86.Build.0 = Release|Win32
		{4DA2B11E-2299-4EDB-A428-CBACA0EEDABD}.Debug|x64.ActiveCfg = Debug|x64
		{4DA2B11E-2299-4EDB-A428-CBACA0EEDABD}.Debug|x64.Build.0 = Debug|x64
		{4DA2B11E-2299-4EDB-A428-CBACA0EEDABD}.Debug|x86.ActiveCfg = Debug|Win32
		{4DA2B11E-2299-4EDB-A428-CBACA0EEDABD}.Debug|x86.Build.0 = Debug|Win32
		{4DA2B11E-2299-4EDB-A428-CBACA0EEDABD}.Release|x64.ActiveCfg = Release|x64
		{4DA2B11E-2299-4EDB-A428-CBACA0EEDABD}.Release|x64.Build.0 = Release|x64
		{4DA2B11E-2299-4EDB-A428-CBACA0EEDABD}.Release|x86.ActiveCfg = Release|Win32
		{4DA2B11E-2299-4EDB-A428-CBACA0EEDABD}.Release|x86.Build.0 = Release|Win32
		{34822EF8-D5DC-4974-AFF7-A71CECC7A0E6}.Debug|x64.ActiveCfg = Debug|x64
		{34822EF8-D5DC-4974-AFF7-A71CECC7A0E6}.Debug|x64.Build.0 = Debug|x64
		{34822EF8-D5DC-4974-AFF7-A71CECC7A0E6}.Debug|x86.ActiveCfg = Debug|Win32
		{34822EF8-D5DC-4974-AFF7-A71CECC7A0E6}.Debug|x86.Build.0 = Debug|Win32
		{34822EF8-D5DC-4974-AFF7-A71CECC7A0E6}.Release|x64.ActiveCfg = Release|x64
		{34822EF8-D5DC-4974-AFF7-A71CECC7A0E6}.Release|x64.Build.0 = Release|x64
		{34822EF8-D5DC-4974-AFF7-A71CECC7A0E6}.Release|x86.ActiveCfg = Release|Win32
		{34822EF8-D5DC-4974-AFF7-A71CECC7A0E6}.Release|x86.Build.0 = Release|Win32
		{A33D7593-66E7-4514-A119-6E4FB863938E}.Debug|x64.ActiveCfg = Debug|x64
		{A33D7593-66E7-4514-A119-6E4FB863938E}.Debug|x64.Build.0 = Debug|x64
		{A33D7593-66E7-4514-A119-6E4FB863938E}.Debug|x86.ActiveCfg = Debug|Win32
		{A33D7593-66E7-4514-A119-6E4FB863938E}.Debug|x86.Build.0 = Debug|Win32
		{A33D7593-66E7-4514-A119-6E4FB863938E}.Release|x64.ActiveCfg = Release|x64
		{A33D7593-66E7-4514-A119-6E4FB863938E}.Release|x64.Build.0 = Release|x64
		{A33D7593-66E7-4514-A119-6E4FB863938E}.Release|x86.ActiveCfg = Release|Win32
		{A33D7593-66E7-4514-A119-6E4FB863938E}.Release|x86.Build.0 = Release|Win32
		{97540B31-6B20-41EB-8CAC-2271371F52C2}.Debug|x64.ActiveCfg = Debug|x64
		{97540B31-6B20-41EB-8CAC-2271371F52C2}.Debug|x64.Build.0 = Debug|x64
		{97540B31-6B20-41EB-8CAC-2271371F52C2}.Debug|x86.ActiveCfg = Debug|Win32
		{97540B31-6B20-41EB-8CAC-2271371F52C2}.Debug|x86.Build.0 = Debug|Win32
		{97540B31-6B20-41EB-8CAC-2271371F52C2}.Release|x64.ActiveCfg = Release|x64
		{97540B31-6B20-41EB-8CAC-2271371F52C2}.Release|x64.Build.0 = Release|x64
		{97540B31-6B20-41EB-8CAC-2271371F52C2}.Release|x86.ActiveCfg = Release|Win32
		{97540B31-6B20-41EB-8CAC-2271371F52C2}.Release|x86.Build.0 = Release|Win32
		{537ECBE0-73C3-487E-8347-48D2583E7705}.Debug|x64.ActiveCfg = Debug|x64
		{537ECBE0-73C3-487E-8347-48D2583E7705}.Debug|x64.Build.0 = Debug|x64
		{537ECBE0-73C3-487E-8347-48D2583E7705}.Debug|x86.ActiveCfg = Debug|Win32
		{537ECBE0-73C3-487E-8347-48D2583E7705}.Debug|x86.Build.0 = Debug|Win32
		{537ECBE0-73C3-487E-8347-48D2583E7705}.Release|x64.ActiveCfg = Release|x64
		{537ECBE0-73C3-487E-8347-48D2583E7705}.Release|x64.Build.0 = Release|x64
		{537ECBE0-73C3-487E-8347-48D2583E7705}.Release|x86.ActiveCfg = Release|Win32
		{537ECBE0-73C3-487E-8347-48D2583E7705}.Release|x86.Build.0 = Release|Win32
		{318EEE33-94D0-42DD-B6A8-DC700297C38A}.Debug|x64.ActiveCfg = Debug|x64
		{318EEE33-94D0-42DD-B6A8-DC700297C38A}.Debug|x64.Build.0 = Debug|x64
		{318EEE33-94D0-42DD-B6A8-DC700297C38A}.Debug|x86.ActiveCfg = Debug|Win32
		{318EEE33-94D0-42DD-B6A8-DC700297C38A}.Debug|x86.Build.0 = Debug|Win32
		{318EEE33-94D0-42DD-B6A8-DC700297C38A}.Release|x64.ActiveCfg = Release|x64
		{318EEE33-94D0-42DD-B6A8-DC700297C38A}.Release|x64.Build.0 = Release|x64
		{318EEE33-94D0-42DD-B6A8-DC700297C38A}.Release|x86.ActiveCfg = Release|Win32
		{318EEE33-94D0-42DD-B6A8-DC700297C38A}.Release|x86.Build.0 = Release|Win32
		{35561D5F-41E1-4448-855A-BD6EFB57D53F}.Debug|x64.ActiveCfg = Debug|x64
		{35561D5F-41E1-4448-855A-BD6EFB57D53F}.Debug|x64.Build.0 = Debug|x64
		{35561D5F-41E1-4448-855A-BD6EFB57D53F}.Debug|x86.ActiveCfg = Debug|Win32
		{35561D5F-41E1-4448-855A-BD6EFB57D53F}.Debug|x86.Build.0 = Debug|Win32
		{35561D5F-41E1-4448-855A-BD6EFB57D53F}.Release|x64.ActiveCfg = Release|x64
		{35561D5F-41E1-4448-855A-BD6EFB57D53F}.Release|x64.Build.0 = Release|x64
		{35561D5F-41E1-4448-855A-BD6EFB57D53F}.Release|x86.ActiveCfg = Release|Win32
		{35561D5F-41E1-4448-855A-BD6EFB57D53F}.Release|x86.Build.0 = Release|Win32
		{119AC21E-ED98-4833-8469-A4DDE4EC2282}.Debug|x64.ActiveCfg = Debug|x64
		{119AC21E-ED98-4833-8469-A4DDE4EC2282}.Debug|x64.Build.0 = Debug|x64
		{119AC21E-ED98-4833-8469-A4DDE4EC2282}.Debug|x86.ActiveCfg = Debug|Win32
		{119AC21E-ED98-4833-8469-A4DDE4EC2282}.Debug|x86.Build.0 = Debug|Win32
		{119AC21E-ED98-4833-8469-A4DDE4EC2282}.Release|x64.ActiveCfg = Release|x64
		{119AC21E-ED98-4833-8469-A4DDE4EC2282}.Release|x64.Build.0 = Release|x64
		{119AC21E-ED98-4833-8469-A4DDE4EC2282}.Release|x86.ActiveCfg = Release|Win32
		{119AC21E-ED98-4833-8469-A4DDE4EC2282}.Release|x86.Build.0 = Release|Win32
		{0BD365BE-85B3-4876-95DE-C711EC9F5BB0}.Debug|x64.ActiveCfg = Debug|x64
		{0BD365BE-85B3-4876-95DE-C711EC9F5BB0}.Debug|x64.Build.0 = Debug|x64
		{0BD365BE-85B3-4876-95DE-C711EC9F5BB0}.Debug|x86.ActiveCfg = Debug|Win32
		{0BD365BE-85B3-4876-95DE-C711EC9F5BB0}.Debug|x86.Build.0 = Debug|Win32
		{0BD365BE-85B3-4876-95DE-C711EC9F5BB0}.Release|x64.ActiveCfg = Release|x64
		{0BD365BE-85B3-4876-95DE-C711EC9F5BB0}.Release|x64.Build.0 = Release|x64
		{0BD365BE-85B3-4876-95DE-C711EC9F5BB0}.Release|x86.ActiveCfg = Release|Win32
		{0BD365BE-85B3-4876-95DE-C711EC9F5BB0}.Release|x86.Build.0 = Release|Win32
		{C5507EE4-94C5-40C7-9F6B-B35D37EEFE14}.Debug|x64.ActiveCfg = Debug|x64
		{C5507EE4-94C5-40C7-9F6B-B35D37EEFE14}.Debug|x64.Build.0 = Debug|x64
		{C5507EE4-94C5-40C7-9F6B-B35D37EEFE14}.Debug|x86.ActiveCfg = Debug|Win32
		{C5507EE4-94C5-40C7-9F6B-B35D37EEFE14}.Debug|x86.Build.0 = Debug|Win32
		{C5507EE4-94C5-40C7-9F6B-B35D37EEFE14}.Release|x64.ActiveCfg = Release|x64
		{C5507EE4-94C5-40C7-9F6B-B35D37EEFE14}.Release|x64.Build.0 = Release|x64
		{C5507EE4-94C5-40C7-9F6B-B35D37EEFE14}.Release|x86.ActiveCfg = Release|Win32
		{C5507EE4-94C5-40C7-9F6B-B35D37EEFE14}.Release|x86.Build.0 = Release|Win32
		{2767AF7A-15C4-4FC9-BF31-03B53CA5C3DB}.Debug|x64.ActiveCfg = Debug|x64
		{2767AF7A-15C4-4FC9-BF31-03B53CA5C3DB}.Debug|x64.Build.0 = Debug|x64
		{2767AF7A-15C4-4FC9-BF31-03B53CA5C3DB}.Debug|x86.ActiveCfg = Debug|Win32
		{2767AF7A-15C4-4FC9-BF31-03B53CA5C3DB}.Debug|x86.Build.0 = Debug|Win32
		{2767AF7A-15C4-4FC9-BF31-03B53CA5C3DB}.Release|x64.ActiveCfg = Release|x64
		{2767AF7A-15C4-4FC9-BF31-03B53CA5C3DB}.Release|x64.Build.0 = Release|x64
		{2767AF7A-15C4-4FC9-BF31-03B53CA5C3DB}.Release|x86.ActiveCfg = Release|Win32
		{2767AF7A-15C4-4FC9-BF31-03B53CA5C3DB}.Release|x86.Build.0 = Release|Win32
		{47D38234-044B-4F7F-8C93-6623EE8325DD}.Debug|x64.ActiveCfg = Debug|x64
		{47D38234-044B-4F7F-8C93-6623EE8325DD}.Debug|x64.Build.0 = Debug|x64
		{47D38234-044B-4F7F-8C93-6623EE8325DD}.Debug|x86.ActiveCfg = Debug|Win32
		{47D38234-044B-4F7F-8C93-6623EE8325DD}.Debug|x86.Build.0 = Debug|Win32
		{47D38234-044B-4F7F-8C93-6623EE8325DD}.Release|x64.ActiveCfg = Release|x64
		{47D38234-044B-4F7F-8C93-6623EE8325DD}.Release|x64.Build.0 = Release|x64
		{47D38234-044B-4F7F-8C93-6623EE8325DD}.Release|x86.ActiveCfg = Release|Win32
		{47D38234-044B-4F7F-8C93-6623EE8325DD}.Release|x86.Build.0 = Release|Win32
		{237B8795-AE5A-463B-9A9F-4C33BE776600}.Debug|x64.ActiveCfg = Debug|x64
		{237B8795-AE5A-463B-9A9F-4C33BE776600}.Debug|x64.Build.0 = Debug|x64
		{237B8795-AE5A-463B-9A9F-4C33BE776600}.Debug|x86.ActiveCfg = Debug|Win32
		{237B8795-AE5A-463B-9A9F-4C33BE776600}.Debug|x86.Build.0 = Debug|Win32
		{237B8795-AE5A-463B-9A9F-4C33BE776600}.Release|x64.ActiveCfg = Release|x64
		{237B8795-AE5A-463B-9A9F-4C33BE776600}.Release|x64.Build.0 = Release|x64
		{237B8795-AE5A-463B-9A9F-4C33BE776600}.Release|x86.ActiveCfg = Release|Win32
		{237B8795-AE5A-463B-9A9F-4C33BE776600}.Release|x86.Build.0 = Release|Win32
		{9D9544AF-E16D-44BD-A21F-7FE376D9C53E}.Debug|x64.ActiveCfg = Debug|x64
		{9D9544AF-E16D-44BD-A21F-7FE376D9C53E}.Debug|x64.Build.0 = Debug|x64
		{9D9544AF-E16D-44BD-A21F-7FE376D9C53E}.Debug|x86.ActiveCfg = Debug|Win32
		{9D9544AF-E16D-44BD-A21F-7FE376D9C53E}.Debug|x86.Build.0 = Debug|Win32
		{9D9544AF-E16D-44BD-A21F-7FE376D9C53E}.Release|x64.ActiveCfg = Release|x64
		{9D9544AF-E16D-44BD-A21F-7FE376D9C53E}.Release|x64.Build.0 = Release|x64
		{9D9544AF-E16D-44BD-A21F-7FE376D9C53E}.Release|x86.ActiveCfg = Release|Win32
		{9D9544AF-E16D-44BD-A21F-7FE376D9C53E}.Release|x86.Build.0 = Release|Win32
		{24B482A6-B51A-48E8-849B-5DCFFE97AD7B}.Debug|x64.ActiveCfg = Debug|x64
		{24B482A6-B51A-48E8-849B-5DCFFE97AD7B}.Debug|x64.Build.0 = Debug|x64
		{24B482A6-B51A-48E8-849B-5DCFFE97AD7B}.Debug|x86.ActiveCfg = Debug|Win32
		{24B482A6-B51A-48E8-849B-5DCFFE97AD7B}.Debug|x86.Build.0 = Debug|Win32
		{24B482A6-B51A-48E8-849B-5DCFFE97AD7B}.Release|x64.ActiveCfg = Release|x64
		{24B482A6-B51A-48E8-849B-5DCFFE97AD7B}.Release|x64.Build.0 = Release|x64
		{24B482A6-B51A-48E8-849B-5DCFFE97AD7B}.Release|x86.ActiveCfg = Release|Win32
		{24B482A6-B51A-48E8-849B-5DCFFE97AD7B}.Release|x86.Build.0 = Release|Win32
		{799D7F8D-F7FA-4CE2-BA48-CB7146D370F4}.Debug|x64.ActiveCfg = Debug|x64
		{799D7F8D-F7FA-4CE2-BA48-CB7146D370F4}.Debug|x64.Build.0 = Debug|x64
		{799D7F8D-F7FA-4CE2-BA48-CB7146D370F4}.Debug|x86.ActiveCfg = Debug|Win32
		{799D7F8D-F7FA-4CE2-BA48-CB7146D370F4}.Debug|x86.Build.0 = Debug|Win32
		{799D7F8D-F7FA-4CE2-BA48-CB7146D370F4}.Release|x64.ActiveCfg = Release|x64
		{799D7F8D-F7FA-4CE2-BA48-CB7146D370F4}.Release|x64.Build.0 = Release|x64
		{799D7F8D-F7FA-4CE2-BA48-CB7146D370F4}.Release|x86.ActiveCfg = Release|Win32
		{799D7F8D-F7FA-4CE2-BA48-CB7146D370F4}.Release|x86.Build.0 = Release|Win32
		{ADDAFD7E-E83C-4CE2-B946-09D22467EAC7}.Debug|x64.ActiveCfg = Debug|x64
		{ADDAFD7E-E83C-4CE2-B946-09D22467EAC7}.Debug|x64.Build.0 = Debug|x64
		{ADDAFD7E-E83C-4CE2-B946-09D22467EAC7}.Debug|x86.ActiveCfg = Debug|Win32
		{ADDAFD7E-E83C-4CE2-B946-09D22467EAC7}.Debug|x86.Build.0 = Debug|Win32
		{ADDAFD7E-E83C-4CE2-B946-09D22467EAC7}.Release|x64.ActiveCfg = Release|x64
		{ADDAFD7E-E83C-4CE2-B946-09D22467EAC7}.Release|x64.Build.0 = Release|x64
		{ADDAFD7E-E83C-4CE2-B946-09D22467EAC7}.Release|x86.ActiveCfg = Release|Win32
		{ADDAFD7E-E83C-4CE2-B946-09D22467EAC7}.Release|x86.Build.0 = Release|Win32
		{A6DB23B5-7F56-4E20-88CD-3F00540403FB}.Debug|x64.ActiveCfg = Debug|x64
		{A6DB23B5-7F56-4E20-88CD-3F00540403FB}.Debug|x64.Build.0 = Debug|x64
		{A6DB23B5-7F56-4E20-88CD-3F00540403FB}.Debug|x86.ActiveCfg = Debug|Win32
		{A6DB23B5-7F56-4E20-88CD-3F00540403FB}.Debug|x86.Build.0 = Debug|Win32
		{A6DB23B5-7F56-4E20-88CD-3F00540403FB}.Release|x64.ActiveCfg = Release|x64
		{A6DB23B5-7F56-4E20-88CD-3F00540403FB}.Release|x64.Build.0 = Release|x64
		{A6DB23B5-7F56-4E20-88CD-3F00540403FB}.Release|x86.ActiveCfg = Release|Win32
		{A6DB23B5-7F56-4E20-88CD-3F00540403FB}.Release|x86.Build.0 = Release|Win32
	EndGlobalSection
	GlobalSection(SolutionProperties) = preSolution
		HideSolutionNode = FALSE
	EndGlobalSection
EndGlobal
